// !$*UTF8*$!
{
	archiveVersion = 1;
	classes = {
	};
	objectVersion = 56;
	objects = {

/* Begin PBXBuildFile section */
		621F84EC2A992341007CCF01 /* CharacterView.swift in Sources */ = {isa = PBXBuildFile; fileRef = 621F84EB2A992341007CCF01 /* CharacterView.swift */; };
		621F84EF2A992455007CCF01 /* LocationView.swift in Sources */ = {isa = PBXBuildFile; fileRef = 621F84EE2A992455007CCF01 /* LocationView.swift */; };
		621F84F22A99249C007CCF01 /* EpisodeView.swift in Sources */ = {isa = PBXBuildFile; fileRef = 621F84F12A99249C007CCF01 /* EpisodeView.swift */; };
		621F84FC2A99275B007CCF01 /* CharacterModel.swift in Sources */ = {isa = PBXBuildFile; fileRef = 621F84FB2A99275B007CCF01 /* CharacterModel.swift */; };
		6251915E2A9BCCDC0085C696 /* PreviewProvider.swift in Sources */ = {isa = PBXBuildFile; fileRef = 6251915D2A9BCCDC0085C696 /* PreviewProvider.swift */; };
		625191602A9BCF030085C696 /* CharacterGridItem.swift in Sources */ = {isa = PBXBuildFile; fileRef = 6251915F2A9BCF030085C696 /* CharacterGridItem.swift */; };
		625E83252AA8DC97005E7F8A /* Endpoint.swift in Sources */ = {isa = PBXBuildFile; fileRef = 625E83242AA8DC96005E7F8A /* Endpoint.swift */; };
		625E83272AA8DE3B005E7F8A /* NetworkingManager.swift in Sources */ = {isa = PBXBuildFile; fileRef = 625E83262AA8DE3B005E7F8A /* NetworkingManager.swift */; };
		627015852AA9E178004FE6AE /* Theme.swift in Sources */ = {isa = PBXBuildFile; fileRef = 627015842AA9E178004FE6AE /* Theme.swift */; };
		62E0F1B02A991FD900BF9B40 /* RickAndMortyFandomApp.swift in Sources */ = {isa = PBXBuildFile; fileRef = 62E0F1AF2A991FD900BF9B40 /* RickAndMortyFandomApp.swift */; };
		62E0F1B22A991FD900BF9B40 /* ContentView.swift in Sources */ = {isa = PBXBuildFile; fileRef = 62E0F1B12A991FD900BF9B40 /* ContentView.swift */; };
		62E0F1B42A991FDA00BF9B40 /* Assets.xcassets in Resources */ = {isa = PBXBuildFile; fileRef = 62E0F1B32A991FDA00BF9B40 /* Assets.xcassets */; };
		62E0F1B72A991FDA00BF9B40 /* Preview Assets.xcassets in Resources */ = {isa = PBXBuildFile; fileRef = 62E0F1B62A991FDA00BF9B40 /* Preview Assets.xcassets */; };
		62E56E152A99FD8D0074D3F9 /* CharacterViewModel.swift in Sources */ = {isa = PBXBuildFile; fileRef = 62E56E142A99FD8D0074D3F9 /* CharacterViewModel.swift */; };
		62E56E182A9A07D00074D3F9 /* AsyncAlgorithms in Frameworks */ = {isa = PBXBuildFile; productRef = 62E56E172A9A07D00074D3F9 /* AsyncAlgorithms */; };
/* End PBXBuildFile section */

/* Begin PBXFileReference section */
		621F84EB2A992341007CCF01 /* CharacterView.swift */ = {isa = PBXFileReference; lastKnownFileType = sourcecode.swift; path = CharacterView.swift; sourceTree = "<group>"; };
		621F84EE2A992455007CCF01 /* LocationView.swift */ = {isa = PBXFileReference; lastKnownFileType = sourcecode.swift; path = LocationView.swift; sourceTree = "<group>"; };
		621F84F12A99249C007CCF01 /* EpisodeView.swift */ = {isa = PBXFileReference; lastKnownFileType = sourcecode.swift; path = EpisodeView.swift; sourceTree = "<group>"; };
		621F84FB2A99275B007CCF01 /* CharacterModel.swift */ = {isa = PBXFileReference; lastKnownFileType = sourcecode.swift; path = CharacterModel.swift; sourceTree = "<group>"; };
		6251915D2A9BCCDC0085C696 /* PreviewProvider.swift */ = {isa = PBXFileReference; lastKnownFileType = sourcecode.swift; path = PreviewProvider.swift; sourceTree = "<group>"; };
		6251915F2A9BCF030085C696 /* CharacterGridItem.swift */ = {isa = PBXFileReference; lastKnownFileType = sourcecode.swift; path = CharacterGridItem.swift; sourceTree = "<group>"; };
		625E83242AA8DC96005E7F8A /* Endpoint.swift */ = {isa = PBXFileReference; lastKnownFileType = sourcecode.swift; path = Endpoint.swift; sourceTree = "<group>"; };
		625E83262AA8DE3B005E7F8A /* NetworkingManager.swift */ = {isa = PBXFileReference; lastKnownFileType = sourcecode.swift; path = NetworkingManager.swift; sourceTree = "<group>"; };
		627015842AA9E178004FE6AE /* Theme.swift */ = {isa = PBXFileReference; lastKnownFileType = sourcecode.swift; path = Theme.swift; sourceTree = "<group>"; };
		62E0F1AC2A991FD900BF9B40 /* RickAndMortyFandom.app */ = {isa = PBXFileReference; explicitFileType = wrapper.application; includeInIndex = 0; path = RickAndMortyFandom.app; sourceTree = BUILT_PRODUCTS_DIR; };
		62E0F1AF2A991FD900BF9B40 /* RickAndMortyFandomApp.swift */ = {isa = PBXFileReference; lastKnownFileType = sourcecode.swift; path = RickAndMortyFandomApp.swift; sourceTree = "<group>"; };
		62E0F1B12A991FD900BF9B40 /* ContentView.swift */ = {isa = PBXFileReference; lastKnownFileType = sourcecode.swift; path = ContentView.swift; sourceTree = "<group>"; };
		62E0F1B32A991FDA00BF9B40 /* Assets.xcassets */ = {isa = PBXFileReference; lastKnownFileType = folder.assetcatalog; path = Assets.xcassets; sourceTree = "<group>"; };
		62E0F1B62A991FDA00BF9B40 /* Preview Assets.xcassets */ = {isa = PBXFileReference; lastKnownFileType = folder.assetcatalog; path = "Preview Assets.xcassets"; sourceTree = "<group>"; };
		62E56E142A99FD8D0074D3F9 /* CharacterViewModel.swift */ = {isa = PBXFileReference; lastKnownFileType = sourcecode.swift; path = CharacterViewModel.swift; sourceTree = "<group>"; };
/* End PBXFileReference section */

/* Begin PBXFrameworksBuildPhase section */
		62E0F1A92A991FD900BF9B40 /* Frameworks */ = {
			isa = PBXFrameworksBuildPhase;
			buildActionMask = 2147483647;
			files = (
				62E56E182A9A07D00074D3F9 /* AsyncAlgorithms in Frameworks */,
			);
			runOnlyForDeploymentPostprocessing = 0;
		};
/* End PBXFrameworksBuildPhase section */

/* Begin PBXGroup section */
		621F84E62A9922D1007CCF01 /* Core */ = {
			isa = PBXGroup;
			children = (
				621F84E92A99231A007CCF01 /* Episode */,
				621F84E82A992312007CCF01 /* Locations */,
				621F84E72A992305007CCF01 /* Characters */,
			);
			path = Core;
			sourceTree = "<group>";
		};
		621F84E72A992305007CCF01 /* Characters */ = {
			isa = PBXGroup;
			children = (
				621F84FF2A99379F007CCF01 /* ViewModels */,
				621F84EA2A992334007CCF01 /* Views */,
			);
			path = Characters;
			sourceTree = "<group>";
		};
		621F84E82A992312007CCF01 /* Locations */ = {
			isa = PBXGroup;
			children = (
				621F84ED2A99244A007CCF01 /* Views */,
			);
			path = Locations;
			sourceTree = "<group>";
		};
		621F84E92A99231A007CCF01 /* Episode */ = {
			isa = PBXGroup;
			children = (
				621F84F02A992489007CCF01 /* Views */,
			);
			path = Episode;
			sourceTree = "<group>";
		};
		621F84EA2A992334007CCF01 /* Views */ = {
			isa = PBXGroup;
			children = (
				621F84EB2A992341007CCF01 /* CharacterView.swift */,
				6251915F2A9BCF030085C696 /* CharacterGridItem.swift */,
			);
			path = Views;
			sourceTree = "<group>";
		};
		621F84ED2A99244A007CCF01 /* Views */ = {
			isa = PBXGroup;
			children = (
				621F84EE2A992455007CCF01 /* LocationView.swift */,
			);
			path = Views;
			sourceTree = "<group>";
		};
		621F84F02A992489007CCF01 /* Views */ = {
			isa = PBXGroup;
			children = (
				621F84F12A99249C007CCF01 /* EpisodeView.swift */,
			);
			path = Views;
			sourceTree = "<group>";
		};
		621F84FA2A99274D007CCF01 /* Model */ = {
			isa = PBXGroup;
			children = (
				621F84FB2A99275B007CCF01 /* CharacterModel.swift */,
			);
			path = Model;
			sourceTree = "<group>";
		};
		621F84FF2A99379F007CCF01 /* ViewModels */ = {
			isa = PBXGroup;
			children = (
				62E56E142A99FD8D0074D3F9 /* CharacterViewModel.swift */,
			);
			path = ViewModels;
			sourceTree = "<group>";
		};
		6251915C2A9BCCC10085C696 /* Extensions */ = {
			isa = PBXGroup;
			children = (
				6251915D2A9BCCDC0085C696 /* PreviewProvider.swift */,
			);
			path = Extensions;
			sourceTree = "<group>";
		};
		625E83222AA8DC5F005E7F8A /* Base */ = {
			isa = PBXGroup;
			children = (
				625E83232AA8DC85005E7F8A /* API */,
			);
			path = Base;
			sourceTree = "<group>";
		};
		625E83232AA8DC85005E7F8A /* API */ = {
			isa = PBXGroup;
			children = (
				625E83242AA8DC96005E7F8A /* Endpoint.swift */,
				625E83262AA8DE3B005E7F8A /* NetworkingManager.swift */,
			);
			path = API;
			sourceTree = "<group>";
		};
		627015832AA9E16C004FE6AE /* Resources */ = {
			isa = PBXGroup;
			children = (
				627015842AA9E178004FE6AE /* Theme.swift */,
			);
			path = Resources;
			sourceTree = "<group>";
		};
		62E0F1A32A991FD900BF9B40 = {
			isa = PBXGroup;
			children = (
				62E0F1AE2A991FD900BF9B40 /* RickAndMortyFandom */,
				62E0F1AD2A991FD900BF9B40 /* Products */,
			);
			sourceTree = "<group>";
		};
		62E0F1AD2A991FD900BF9B40 /* Products */ = {
			isa = PBXGroup;
			children = (
				62E0F1AC2A991FD900BF9B40 /* RickAndMortyFandom.app */,
			);
			name = Products;
			sourceTree = "<group>";
		};
		62E0F1AE2A991FD900BF9B40 /* RickAndMortyFandom */ = {
			isa = PBXGroup;
			children = (
				627015832AA9E16C004FE6AE /* Resources */,
				625E83222AA8DC5F005E7F8A /* Base */,
				6251915C2A9BCCC10085C696 /* Extensions */,
				621F84FA2A99274D007CCF01 /* Model */,
				621F84E62A9922D1007CCF01 /* Core */,
				62E0F1AF2A991FD900BF9B40 /* RickAndMortyFandomApp.swift */,
				62E0F1B12A991FD900BF9B40 /* ContentView.swift */,
				62E0F1B32A991FDA00BF9B40 /* Assets.xcassets */,
				62E0F1B52A991FDA00BF9B40 /* Preview Content */,
			);
			path = RickAndMortyFandom;
			sourceTree = "<group>";
		};
		62E0F1B52A991FDA00BF9B40 /* Preview Content */ = {
			isa = PBXGroup;
			children = (
				62E0F1B62A991FDA00BF9B40 /* Preview Assets.xcassets */,
			);
			path = "Preview Content";
			sourceTree = "<group>";
		};
/* End PBXGroup section */

/* Begin PBXNativeTarget section */
		62E0F1AB2A991FD900BF9B40 /* RickAndMortyFandom */ = {
			isa = PBXNativeTarget;
			buildConfigurationList = 62E0F1BA2A991FDA00BF9B40 /* Build configuration list for PBXNativeTarget "RickAndMortyFandom" */;
			buildPhases = (
				62E0F1A82A991FD900BF9B40 /* Sources */,
				62E0F1A92A991FD900BF9B40 /* Frameworks */,
				62E0F1AA2A991FD900BF9B40 /* Resources */,
			);
			buildRules = (
			);
			dependencies = (
			);
			name = RickAndMortyFandom;
			packageProductDependencies = (
				62E56E172A9A07D00074D3F9 /* AsyncAlgorithms */,
			);
			productName = RickAndMortyFandom;
			productReference = 62E0F1AC2A991FD900BF9B40 /* RickAndMortyFandom.app */;
			productType = "com.apple.product-type.application";
		};
/* End PBXNativeTarget section */

/* Begin PBXProject section */
		62E0F1A42A991FD900BF9B40 /* Project object */ = {
			isa = PBXProject;
			attributes = {
				BuildIndependentTargetsInParallel = 1;
				LastSwiftUpdateCheck = 1430;
				LastUpgradeCheck = 1430;
				TargetAttributes = {
					62E0F1AB2A991FD900BF9B40 = {
						CreatedOnToolsVersion = 14.3.1;
					};
				};
			};
			buildConfigurationList = 62E0F1A72A991FD900BF9B40 /* Build configuration list for PBXProject "RickAndMortyFandom" */;
			compatibilityVersion = "Xcode 14.0";
			developmentRegion = en;
			hasScannedForEncodings = 0;
			knownRegions = (
				en,
				Base,
			);
			mainGroup = 62E0F1A32A991FD900BF9B40;
			packageReferences = (
				62E56E162A9A07D00074D3F9 /* XCRemoteSwiftPackageReference "swift-async-algorithms" */,
			);
			productRefGroup = 62E0F1AD2A991FD900BF9B40 /* Products */;
			projectDirPath = "";
			projectRoot = "";
			targets = (
				62E0F1AB2A991FD900BF9B40 /* RickAndMortyFandom */,
			);
		};
/* End PBXProject section */

/* Begin PBXResourcesBuildPhase section */
		62E0F1AA2A991FD900BF9B40 /* Resources */ = {
			isa = PBXResourcesBuildPhase;
			buildActionMask = 2147483647;
			files = (
				62E0F1B72A991FDA00BF9B40 /* Preview Assets.xcassets in Resources */,
				62E0F1B42A991FDA00BF9B40 /* Assets.xcassets in Resources */,
			);
			runOnlyForDeploymentPostprocessing = 0;
		};
/* End PBXResourcesBuildPhase section */

/* Begin PBXSourcesBuildPhase section */
		62E0F1A82A991FD900BF9B40 /* Sources */ = {
			isa = PBXSourcesBuildPhase;
			buildActionMask = 2147483647;
			files = (
				625E83252AA8DC97005E7F8A /* Endpoint.swift in Sources */,
				625E83272AA8DE3B005E7F8A /* NetworkingManager.swift in Sources */,
				621F84EC2A992341007CCF01 /* CharacterView.swift in Sources */,
				625191602A9BCF030085C696 /* CharacterGridItem.swift in Sources */,
				621F84EF2A992455007CCF01 /* LocationView.swift in Sources */,
				62E0F1B22A991FD900BF9B40 /* ContentView.swift in Sources */,
				6251915E2A9BCCDC0085C696 /* PreviewProvider.swift in Sources */,
				62E56E152A99FD8D0074D3F9 /* CharacterViewModel.swift in Sources */,
				621F84FC2A99275B007CCF01 /* CharacterModel.swift in Sources */,
				62E0F1B02A991FD900BF9B40 /* RickAndMortyFandomApp.swift in Sources */,
				621F84F22A99249C007CCF01 /* EpisodeView.swift in Sources */,
				627015852AA9E178004FE6AE /* Theme.swift in Sources */,
			);
			runOnlyForDeploymentPostprocessing = 0;
		};
/* End PBXSourcesBuildPhase section */

/* Begin XCBuildConfiguration section */
		62E0F1B82A991FDA00BF9B40 /* Debug */ = {
			isa = XCBuildConfiguration;
			buildSettings = {
				ALWAYS_SEARCH_USER_PATHS = NO;
				CLANG_ANALYZER_NONNULL = YES;
				CLANG_ANALYZER_NUMBER_OBJECT_CONVERSION = YES_AGGRESSIVE;
				CLANG_CXX_LANGUAGE_STANDARD = "gnu++20";
				CLANG_ENABLE_MODULES = YES;
				CLANG_ENABLE_OBJC_ARC = YES;
				CLANG_ENABLE_OBJC_WEAK = YES;
				CLANG_WARN_BLOCK_CAPTURE_AUTORELEASING = YES;
				CLANG_WARN_BOOL_CONVERSION = YES;
				CLANG_WARN_COMMA = YES;
				CLANG_WARN_CONSTANT_CONVERSION = YES;
				CLANG_WARN_DEPRECATED_OBJC_IMPLEMENTATIONS = YES;
				CLANG_WARN_DIRECT_OBJC_ISA_USAGE = YES_ERROR;
				CLANG_WARN_DOCUMENTATION_COMMENTS = YES;
				CLANG_WARN_EMPTY_BODY = YES;
				CLANG_WARN_ENUM_CONVERSION = YES;
				CLANG_WARN_INFINITE_RECURSION = YES;
				CLANG_WARN_INT_CONVERSION = YES;
				CLANG_WARN_NON_LITERAL_NULL_CONVERSION = YES;
				CLANG_WARN_OBJC_IMPLICIT_RETAIN_SELF = YES;
				CLANG_WARN_OBJC_LITERAL_CONVERSION = YES;
				CLANG_WARN_OBJC_ROOT_CLASS = YES_ERROR;
				CLANG_WARN_QUOTED_INCLUDE_IN_FRAMEWORK_HEADER = YES;
				CLANG_WARN_RANGE_LOOP_ANALYSIS = YES;
				CLANG_WARN_STRICT_PROTOTYPES = YES;
				CLANG_WARN_SUSPICIOUS_MOVE = YES;
				CLANG_WARN_UNGUARDED_AVAILABILITY = YES_AGGRESSIVE;
				CLANG_WARN_UNREACHABLE_CODE = YES;
				CLANG_WARN__DUPLICATE_METHOD_MATCH = YES;
				COPY_PHASE_STRIP = NO;
				DEBUG_INFORMATION_FORMAT = dwarf;
				ENABLE_STRICT_OBJC_MSGSEND = YES;
				ENABLE_TESTABILITY = YES;
				GCC_C_LANGUAGE_STANDARD = gnu11;
				GCC_DYNAMIC_NO_PIC = NO;
				GCC_NO_COMMON_BLOCKS = YES;
				GCC_OPTIMIZATION_LEVEL = 0;
				GCC_PREPROCESSOR_DEFINITIONS = (
					"DEBUG=1",
					"$(inherited)",
				);
				GCC_WARN_64_TO_32_BIT_CONVERSION = YES;
				GCC_WARN_ABOUT_RETURN_TYPE = YES_ERROR;
				GCC_WARN_UNDECLARED_SELECTOR = YES;
				GCC_WARN_UNINITIALIZED_AUTOS = YES_AGGRESSIVE;
				GCC_WARN_UNUSED_FUNCTION = YES;
				GCC_WARN_UNUSED_VARIABLE = YES;
				IPHONEOS_DEPLOYMENT_TARGET = 16.4;
				MTL_ENABLE_DEBUG_INFO = INCLUDE_SOURCE;
				MTL_FAST_MATH = YES;
				ONLY_ACTIVE_ARCH = YES;
				SDKROOT = iphoneos;
				SWIFT_ACTIVE_COMPILATION_CONDITIONS = DEBUG;
				SWIFT_OPTIMIZATION_LEVEL = "-Onone";
			};
			name = Debug;
		};
		62E0F1B92A991FDA00BF9B40 /* Release */ = {
			isa = XCBuildConfiguration;
			buildSettings = {
				ALWAYS_SEARCH_USER_PATHS = NO;
				CLANG_ANALYZER_NONNULL = YES;
				CLANG_ANALYZER_NUMBER_OBJECT_CONVERSION = YES_AGGRESSIVE;
				CLANG_CXX_LANGUAGE_STANDARD = "gnu++20";
				CLANG_ENABLE_MODULES = YES;
				CLANG_ENABLE_OBJC_ARC = YES;
				CLANG_ENABLE_OBJC_WEAK = YES;
				CLANG_WARN_BLOCK_CAPTURE_AUTORELEASING = YES;
				CLANG_WARN_BOOL_CONVERSION = YES;
				CLANG_WARN_COMMA = YES;
				CLANG_WARN_CONSTANT_CONVERSION = YES;
				CLANG_WARN_DEPRECATED_OBJC_IMPLEMENTATIONS = YES;
				CLANG_WARN_DIRECT_OBJC_ISA_USAGE = YES_ERROR;
				CLANG_WARN_DOCUMENTATION_COMMENTS = YES;
				CLANG_WARN_EMPTY_BODY = YES;
				CLANG_WARN_ENUM_CONVERSION = YES;
				CLANG_WARN_INFINITE_RECURSION = YES;
				CLANG_WARN_INT_CONVERSION = YES;
				CLANG_WARN_NON_LITERAL_NULL_CONVERSION = YES;
				CLANG_WARN_OBJC_IMPLICIT_RETAIN_SELF = YES;
				CLANG_WARN_OBJC_LITERAL_CONVERSION = YES;
				CLANG_WARN_OBJC_ROOT_CLASS = YES_ERROR;
				CLANG_WARN_QUOTED_INCLUDE_IN_FRAMEWORK_HEADER = YES;
				CLANG_WARN_RANGE_LOOP_ANALYSIS = YES;
				CLANG_WARN_STRICT_PROTOTYPES = YES;
				CLANG_WARN_SUSPICIOUS_MOVE = YES;
				CLANG_WARN_UNGUARDED_AVAILABILITY = YES_AGGRESSIVE;
				CLANG_WARN_UNREACHABLE_CODE = YES;
				CLANG_WARN__DUPLICATE_METHOD_MATCH = YES;
				COPY_PHASE_STRIP = NO;
				DEBUG_INFORMATION_FORMAT = "dwarf-with-dsym";
				ENABLE_NS_ASSERTIONS = NO;
				ENABLE_STRICT_OBJC_MSGSEND = YES;
				GCC_C_LANGUAGE_STANDARD = gnu11;
				GCC_NO_COMMON_BLOCKS = YES;
				GCC_WARN_64_TO_32_BIT_CONVERSION = YES;
				GCC_WARN_ABOUT_RETURN_TYPE = YES_ERROR;
				GCC_WARN_UNDECLARED_SELECTOR = YES;
				GCC_WARN_UNINITIALIZED_AUTOS = YES_AGGRESSIVE;
				GCC_WARN_UNUSED_FUNCTION = YES;
				GCC_WARN_UNUSED_VARIABLE = YES;
				IPHONEOS_DEPLOYMENT_TARGET = 16.4;
				MTL_ENABLE_DEBUG_INFO = NO;
				MTL_FAST_MATH = YES;
				SDKROOT = iphoneos;
				SWIFT_COMPILATION_MODE = wholemodule;
				SWIFT_OPTIMIZATION_LEVEL = "-O";
				VALIDATE_PRODUCT = YES;
			};
			name = Release;
		};
		62E0F1BB2A991FDA00BF9B40 /* Debug */ = {
			isa = XCBuildConfiguration;
			buildSettings = {
				ASSETCATALOG_COMPILER_APPICON_NAME = AppIcon;
				ASSETCATALOG_COMPILER_GLOBAL_ACCENT_COLOR_NAME = AccentColor;
				CODE_SIGN_STYLE = Automatic;
				CURRENT_PROJECT_VERSION = 1;
				DEVELOPMENT_ASSET_PATHS = "\"RickAndMortyFandom/Preview Content\"";
				DEVELOPMENT_TEAM = QW96J7R4L3;
				ENABLE_PREVIEWS = YES;
				GENERATE_INFOPLIST_FILE = YES;
				INFOPLIST_KEY_UIApplicationSceneManifest_Generation = YES;
				INFOPLIST_KEY_UIApplicationSupportsIndirectInputEvents = YES;
				INFOPLIST_KEY_UILaunchScreen_Generation = YES;
				INFOPLIST_KEY_UISupportedInterfaceOrientations_iPad = "UIInterfaceOrientationPortrait UIInterfaceOrientationPortraitUpsideDown UIInterfaceOrientationLandscapeLeft UIInterfaceOrientationLandscapeRight";
				INFOPLIST_KEY_UISupportedInterfaceOrientations_iPhone = "UIInterfaceOrientationPortrait UIInterfaceOrientationLandscapeLeft UIInterfaceOrientationLandscapeRight";
				LD_RUNPATH_SEARCH_PATHS = (
					"$(inherited)",
					"@executable_path/Frameworks",
				);
				MARKETING_VERSION = 1.0;
				PRODUCT_BUNDLE_IDENTIFIER = com.saeed.RickAndMortyFandom;
				PRODUCT_NAME = "$(TARGET_NAME)";
				SWIFT_EMIT_LOC_STRINGS = YES;
				SWIFT_VERSION = 5.0;
				TARGETED_DEVICE_FAMILY = "1,2";
			};
			name = Debug;
		};
		62E0F1BC2A991FDA00BF9B40 /* Release */ = {
			isa = XCBuildConfiguration;
			buildSettings = {
				ASSETCATALOG_COMPILER_APPICON_NAME = AppIcon;
				ASSETCATALOG_COMPILER_GLOBAL_ACCENT_COLOR_NAME = AccentColor;
				CODE_SIGN_STYLE = Automatic;
				CURRENT_PROJECT_VERSION = 1;
				DEVELOPMENT_ASSET_PATHS = "\"RickAndMortyFandom/Preview Content\"";
				DEVELOPMENT_TEAM = QW96J7R4L3;
				ENABLE_PREVIEWS = YES;
				GENERATE_INFOPLIST_FILE = YES;
				INFOPLIST_KEY_UIApplicationSceneManifest_Generation = YES;
				INFOPLIST_KEY_UIApplicationSupportsIndirectInputEvents = YES;
				INFOPLIST_KEY_UILaunchScreen_Generation = YES;
				INFOPLIST_KEY_UISupportedInterfaceOrientations_iPad = "UIInterfaceOrientationPortrait UIInterfaceOrientationPortraitUpsideDown UIInterfaceOrientationLandscapeLeft UIInterfaceOrientationLandscapeRight";
				INFOPLIST_KEY_UISupportedInterfaceOrientations_iPhone = "UIInterfaceOrientationPortrait UIInterfaceOrientationLandscapeLeft UIInterfaceOrientationLandscapeRight";
				LD_RUNPATH_SEARCH_PATHS = (
					"$(inherited)",
					"@executable_path/Frameworks",
				);
				MARKETING_VERSION = 1.0;
				PRODUCT_BUNDLE_IDENTIFIER = com.saeed.RickAndMortyFandom;
				PRODUCT_NAME = "$(TARGET_NAME)";
				SWIFT_EMIT_LOC_STRINGS = YES;
				SWIFT_VERSION = 5.0;
				TARGETED_DEVICE_FAMILY = "1,2";
			};
			name = Release;
		};
/* End XCBuildConfiguration section */

/* Begin XCConfigurationList section */
		62E0F1A72A991FD900BF9B40 /* Build configuration list for PBXProject "RickAndMortyFandom" */ = {
			isa = XCConfigurationList;
			buildConfigurations = (
				62E0F1B82A991FDA00BF9B40 /* Debug */,
				62E0F1B92A991FDA00BF9B40 /* Release */,
			);
			defaultConfigurationIsVisible = 0;
			defaultConfigurationName = Release;
		};
		62E0F1BA2A991FDA00BF9B40 /* Build configuration list for PBXNativeTarget "RickAndMortyFandom" */ = {
			isa = XCConfigurationList;
			buildConfigurations = (
				62E0F1BB2A991FDA00BF9B40 /* Debug */,
				62E0F1BC2A991FDA00BF9B40 /* Release */,
			);
			defaultConfigurationIsVisible = 0;
			defaultConfigurationName = Release;
		};
/* End XCConfigurationList section */

/* Begin XCRemoteSwiftPackageReference section */
		62E56E162A9A07D00074D3F9 /* XCRemoteSwiftPackageReference "swift-async-algorithms" */ = {
			isa = XCRemoteSwiftPackageReference;
			repositoryURL = "https://github.com/apple/swift-async-algorithms.git";
			requirement = {
				kind = upToNextMajorVersion;
				minimumVersion = 0.1.0;
			};
		};
/* End XCRemoteSwiftPackageReference section */

/* Begin XCSwiftPackageProductDependency section */
		62E56E172A9A07D00074D3F9 /* AsyncAlgorithms */ = {
			isa = XCSwiftPackageProductDependency;
			package = 62E56E162A9A07D00074D3F9 /* XCRemoteSwiftPackageReference "swift-async-algorithms" */;
			productName = AsyncAlgorithms;
		};
/* End XCSwiftPackageProductDependency section */
	};
	rootObject = 62E0F1A42A991FD900BF9B40 /* Project object */;
}
